
Microsoft Visual Studio Solution File, Format Version 12.00
# Visual Studio 2012
Project("{FAE04EC0-301F-11D3-BF4B-00C04F79EFBC}") = "SQL Server Dependency", "SQL Server Dependency\SQL Server Dependency.csproj", "{7340437C-CA15-4C83-AFDE-461995B1419B}"
EndProject
Global
	GlobalSection(SolutionConfigurationPlatforms) = preSolution
		Debug|Any CPU = Debug|Any CPU
		Release|Any CPU = Release|Any CPU
	EndGlobalSection
	GlobalSection(ProjectConfigurationPlatforms) = postSolution
		{7340437C-CA15-4C83-AFDE-461995B1419B}.Debug|Any CPU.ActiveCfg = Debug|Any CPU
		{7340437C-CA15-4C83-AFDE-461995B1419B}.Debug|Any CPU.Build.0 = Debug|Any CPU
		{7340437C-CA15-4C83-AFDE-461995B1419B}.Release|Any CPU.ActiveCfg = Release|Any CPU
		{7340437C-CA15-4C83-AFDE-461995B1419B}.Release|Any CPU.Build.0 = Release|Any CPU
	EndGlobalSection
	GlobalSection(SolutionProperties) = preSolution
		HideSolutionNode = FALSE
	EndGlobalSection
EndGlobal
